
Microsoft Visual Studio Solution File, Format Version 12.00
# Visual Studio Version 17
VisualStudioVersion = 17.9.34728.123
MinimumVisualStudioVersion = 10.0.40219.1
Project("{FAE04EC0-301F-11D3-BF4B-00C04F79EFBC}") = "calculo-cdb.Server", "calculo-cdb.Server\calculo-cdb.Server.csproj", "{A7D5B477-1A0A-4341-9434-BA63FC415150}"
EndProject
Project("{54A90642-561A-4BB1-A94E-469ADEE60C69}") = "calculo-cdb.client", "calculo-cdb.client\calculo-cdb.client.esproj", "{95C50039-3969-4E6A-9D41-D4E8EF47E170}"
EndProject
Project("{FAE04EC0-301F-11D3-BF4B-00C04F79EFBC}") = "calculo-cdb.Logic", "calculo-cdb.Logic\calculo-cdb.Logic.csproj", "{9CB8DC84-ADBA-4E7A-A8CF-AAD75C1F9C30}"
EndProject
Project("{FAE04EC0-301F-11D3-BF4B-00C04F79EFBC}") = "calculo-cdb.Test", "calculo-cdb.Test\calculo-cdb.Test.csproj", "{12823BF6-A66D-4960-B78D-F7623D96A59C}"
EndProject
Global
	GlobalSection(SolutionConfigurationPlatforms) = preSolution
		Debug|Any CPU = Debug|Any CPU
		Release|Any CPU = Release|Any CPU
	EndGlobalSection
	GlobalSection(ProjectConfigurationPlatforms) = postSolution
		{A7D5B477-1A0A-4341-9434-BA63FC415150}.Debug|Any CPU.ActiveCfg = Debug|Any CPU
		{A7D5B477-1A0A-4341-9434-BA63FC415150}.Debug|Any CPU.Build.0 = Debug|Any CPU
		{A7D5B477-1A0A-4341-9434-BA63FC415150}.Release|Any CPU.ActiveCfg = Release|Any CPU
		{A7D5B477-1A0A-4341-9434-BA63FC415150}.Release|Any CPU.Build.0 = Release|Any CPU
		{95C50039-3969-4E6A-9D41-D4E8EF47E170}.Debug|Any CPU.ActiveCfg = Debug|Any CPU
		{95C50039-3969-4E6A-9D41-D4E8EF47E170}.Debug|Any CPU.Build.0 = Debug|Any CPU
		{95C50039-3969-4E6A-9D41-D4E8EF47E170}.Debug|Any CPU.Deploy.0 = Debug|Any CPU
		{95C50039-3969-4E6A-9D41-D4E8EF47E170}.Release|Any CPU.ActiveCfg = Release|Any CPU
		{95C50039-3969-4E6A-9D41-D4E8EF47E170}.Release|Any CPU.Build.0 = Release|Any CPU
		{95C50039-3969-4E6A-9D41-D4E8EF47E170}.Release|Any CPU.Deploy.0 = Release|Any CPU
		{9CB8DC84-ADBA-4E7A-A8CF-AAD75C1F9C30}.Debug|Any CPU.ActiveCfg = Debug|Any CPU
		{9CB8DC84-ADBA-4E7A-A8CF-AAD75C1F9C30}.Debug|Any CPU.Build.0 = Debug|Any CPU
		{9CB8DC84-ADBA-4E7A-A8CF-AAD75C1F9C30}.Release|Any CPU.ActiveCfg = Release|Any CPU
		{9CB8DC84-ADBA-4E7A-A8CF-AAD75C1F9C30}.Release|Any CPU.Build.0 = Release|Any CPU
		{12823BF6-A66D-4960-B78D-F7623D96A59C}.Debug|Any CPU.ActiveCfg = Debug|Any CPU
		{12823BF6-A66D-4960-B78D-F7623D96A59C}.Debug|Any CPU.Build.0 = Debug|Any CPU
		{12823BF6-A66D-4960-B78D-F7623D96A59C}.Release|Any CPU.ActiveCfg = Release|Any CPU
		{12823BF6-A66D-4960-B78D-F7623D96A59C}.Release|Any CPU.Build.0 = Release|Any CPU
	EndGlobalSection
	GlobalSection(SolutionProperties) = preSolution
		HideSolutionNode = FALSE
	EndGlobalSection
	GlobalSection(ExtensibilityGlobals) = postSolution
		SolutionGuid = {22286A1C-A544-4ADB-B121-8223595B5AB6}
	EndGlobalSection
EndGlobal
